
Microsoft Visual Studio Solution File, Format Version 12.00
# Visual Studio 2017
Project("{FAE04EC0-301F-11D3-BF4B-00C04F79EFBC}") = "Full Gamification", "Full Gamification.csproj", "{0238FBAB-FE63-007C-945B-AE6068D3E959}"
EndProject
Project("{FAE04EC0-301F-11D3-BF4B-00C04F79EFBC}") = "Full Gamification.Editor", "Full Gamification.Editor.csproj", "{28208480-A1A3-72DF-3E43-6A230F314544}"
EndProject
Global
	GlobalSection(SolutionConfigurationPlatforms) = preSolution
		Debug|Any CPU = Debug|Any CPU
		Release|Any CPU = Release|Any CPU
	EndGlobalSection
	GlobalSection(ProjectConfigurationPlatforms) = postSolution
		{0238FBAB-FE63-007C-945B-AE6068D3E959}.Debug|Any CPU.ActiveCfg = Debug|Any CPU
		{0238FBAB-FE63-007C-945B-AE6068D3E959}.Debug|Any CPU.Build.0 = Debug|Any CPU
		{0238FBAB-FE63-007C-945B-AE6068D3E959}.Release|Any CPU.ActiveCfg = Release|Any CPU
		{0238FBAB-FE63-007C-945B-AE6068D3E959}.Release|Any CPU.Build.0 = Release|Any CPU
		{28208480-A1A3-72DF-3E43-6A230F314544}.Debug|Any CPU.ActiveCfg = Debug|Any CPU
		{28208480-A1A3-72DF-3E43-6A230F314544}.Debug|Any CPU.Build.0 = Debug|Any CPU
		{28208480-A1A3-72DF-3E43-6A230F314544}.Release|Any CPU.ActiveCfg = Release|Any CPU
		{28208480-A1A3-72DF-3E43-6A230F314544}.Release|Any CPU.Build.0 = Release|Any CPU
	EndGlobalSection
	GlobalSection(SolutionProperties) = preSolution
		HideSolutionNode = FALSE
	EndGlobalSection
EndGlobal
